
Microsoft Visual Studio Solution File, Format Version 12.00
# Visual Studio Version 16
VisualStudioVersion = 16.0.29519.181
MinimumVisualStudioVersion = 10.0.40219.1
Project("{9A19103F-16F7-4668-BE54-9A1E7A4F7556}") = "Day3", "Day3\Day3.csproj", "{58A11F72-56F0-4A0D-89F6-5AB26BDFAD0D}"
EndProject
Project("{9A19103F-16F7-4668-BE54-9A1E7A4F7556}") = "MyLib", "MyLib\MyLib.csproj", "{1CE49E02-E31B-40ED-A68E-24EF641465BA}"
EndProject
Project("{FAE04EC0-301F-11D3-BF4B-00C04F79EFBC}") = "BTVN", "BTVN\BTVN.csproj", "{BAD87F5D-99F8-47B4-A2CC-E4472E7E702D}"
EndProject
Global
	GlobalSection(SolutionConfigurationPlatforms) = preSolution
		Debug|Any CPU = Debug|Any CPU
		Release|Any CPU = Release|Any CPU
	EndGlobalSection
	GlobalSection(ProjectConfigurationPlatforms) = postSolution
		{58A11F72-56F0-4A0D-89F6-5AB26BDFAD0D}.Debug|Any CPU.ActiveCfg = Debug|Any CPU
		{58A11F72-56F0-4A0D-89F6-5AB26BDFAD0D}.Debug|Any CPU.Build.0 = Debug|Any CPU
		{58A11F72-56F0-4A0D-89F6-5AB26BDFAD0D}.Release|Any CPU.ActiveCfg = Release|Any CPU
		{58A11F72-56F0-4A0D-89F6-5AB26BDFAD0D}.Release|Any CPU.Build.0 = Release|Any CPU
		{1CE49E02-E31B-40ED-A68E-24EF641465BA}.Debug|Any CPU.ActiveCfg = Debug|Any CPU
		{1CE49E02-E31B-40ED-A68E-24EF641465BA}.Debug|Any CPU.Build.0 = Debug|Any CPU
		{1CE49E02-E31B-40ED-A68E-24EF641465BA}.Release|Any CPU.ActiveCfg = Release|Any CPU
		{1CE49E02-E31B-40ED-A68E-24EF641465BA}.Release|Any CPU.Build.0 = Release|Any CPU
		{BAD87F5D-99F8-47B4-A2CC-E4472E7E702D}.Debug|Any CPU.ActiveCfg = Debug|Any CPU
		{BAD87F5D-99F8-47B4-A2CC-E4472E7E702D}.Debug|Any CPU.Build.0 = Debug|Any CPU
		{BAD87F5D-99F8-47B4-A2CC-E4472E7E702D}.Release|Any CPU.ActiveCfg = Release|Any CPU
		{BAD87F5D-99F8-47B4-A2CC-E4472E7E702D}.Release|Any CPU.Build.0 = Release|Any CPU
	EndGlobalSection
	GlobalSection(SolutionProperties) = preSolution
		HideSolutionNode = FALSE
	EndGlobalSection
	GlobalSection(ExtensibilityGlobals) = postSolution
		SolutionGuid = {EA014446-09C4-4DB4-9E22-B25C6DF52002}
	EndGlobalSection
EndGlobal
