
Microsoft Visual Studio Solution File, Format Version 12.00
# Visual Studio Version 16
VisualStudioVersion = 16.0.29519.181
MinimumVisualStudioVersion = 10.0.40219.1
Project("{FAE04EC0-301F-11D3-BF4B-00C04F79EFBC}") = "BTVN_Day7", "BTVN_Day7\BTVN_Day7.csproj", "{6A48E9C2-B615-4CA7-B181-49D6E9B76801}"
EndProject
Project("{9A19103F-16F7-4668-BE54-9A1E7A4F7556}") = "Named Delegate", "Named Delegate\Named Delegate.csproj", "{AC8E7F2C-6134-4D6D-B986-C75FE3BA9FEA}"
EndProject
Global
	GlobalSection(SolutionConfigurationPlatforms) = preSolution
		Debug|Any CPU = Debug|Any CPU
		Release|Any CPU = Release|Any CPU
	EndGlobalSection
	GlobalSection(ProjectConfigurationPlatforms) = postSolution
		{6A48E9C2-B615-4CA7-B181-49D6E9B76801}.Debug|Any CPU.ActiveCfg = Debug|Any CPU
		{6A48E9C2-B615-4CA7-B181-49D6E9B76801}.Debug|Any CPU.Build.0 = Debug|Any CPU
		{6A48E9C2-B615-4CA7-B181-49D6E9B76801}.Release|Any CPU.ActiveCfg = Release|Any CPU
		{6A48E9C2-B615-4CA7-B181-49D6E9B76801}.Release|Any CPU.Build.0 = Release|Any CPU
		{AC8E7F2C-6134-4D6D-B986-C75FE3BA9FEA}.Debug|Any CPU.ActiveCfg = Debug|Any CPU
		{AC8E7F2C-6134-4D6D-B986-C75FE3BA9FEA}.Debug|Any CPU.Build.0 = Debug|Any CPU
		{AC8E7F2C-6134-4D6D-B986-C75FE3BA9FEA}.Release|Any CPU.ActiveCfg = Release|Any CPU
		{AC8E7F2C-6134-4D6D-B986-C75FE3BA9FEA}.Release|Any CPU.Build.0 = Release|Any CPU
	EndGlobalSection
	GlobalSection(SolutionProperties) = preSolution
		HideSolutionNode = FALSE
	EndGlobalSection
	GlobalSection(ExtensibilityGlobals) = postSolution
		SolutionGuid = {C65E6593-4F68-4359-B399-5B3F5101813C}
	EndGlobalSection
EndGlobal
